
Microsoft Visual Studio Solution File, Format Version 12.00
# Visual Studio Version 16
VisualStudioVersion = 16.0.31702.278
MinimumVisualStudioVersion = 10.0.40219.1
Project("{FAE04EC0-301F-11D3-BF4B-00C04F79EFBC}") = "DeCarvalhoAlvesLab8", "DeCarvalhoAlvesLab8.csproj", "{EDE431F3-9B70-40EE-9C59-AC94886FED27}"
EndProject
Global
	GlobalSection(SolutionConfigurationPlatforms) = preSolution
		Debug|Any CPU = Debug|Any CPU
		Release|Any CPU = Release|Any CPU
	EndGlobalSection
	GlobalSection(ProjectConfigurationPlatforms) = postSolution
		{EDE431F3-9B70-40EE-9C59-AC94886FED27}.Debug|Any CPU.ActiveCfg = Debug|Any CPU
		{EDE431F3-9B70-40EE-9C59-AC94886FED27}.Debug|Any CPU.Build.0 = Debug|Any CPU
		{EDE431F3-9B70-40EE-9C59-AC94886FED27}.Release|Any CPU.ActiveCfg = Release|Any CPU
		{EDE431F3-9B70-40EE-9C59-AC94886FED27}.Release|Any CPU.Build.0 = Release|Any CPU
	EndGlobalSection
	GlobalSection(SolutionProperties) = preSolution
		HideSolutionNode = FALSE
	EndGlobalSection
	GlobalSection(ExtensibilityGlobals) = postSolution
		SolutionGuid = {564ACF45-D40C-4B8C-8869-95766B26B009}
	EndGlobalSection
EndGlobal
